// !$*UTF8*$!
{
	archiveVersion = 1;
	classes = {
	};
	objectVersion = 46;
	objects = {

/* Begin PBXBuildFile section */
		3C485454190554C800779FE5 /* NSString+MCString.m in Sources */ = {isa = PBXBuildFile; fileRef = 3C485453190554C800779FE5 /* NSString+MCString.m */; };
		3C4CA47A19066AAD008491DE /* MCStringTests.m in Sources */ = {isa = PBXBuildFile; fileRef = 3C4CA47919066AAD008491DE /* MCStringTests.m */; };
		3C72CA0F1904BE81001D68F6 /* AFHTTPRequestOperation.m in Sources */ = {isa = PBXBuildFile; fileRef = 3C72C9FD1904BE81001D68F6 /* AFHTTPRequestOperation.m */; };
		3C72CA101904BE81001D68F6 /* AFHTTPRequestOperationManager.m in Sources */ = {isa = PBXBuildFile; fileRef = 3C72C9FF1904BE81001D68F6 /* AFHTTPRequestOperationManager.m */; };
		3C72CA111904BE81001D68F6 /* AFHTTPSessionManager.m in Sources */ = {isa = PBXBuildFile; fileRef = 3C72CA011904BE81001D68F6 /* AFHTTPSessionManager.m */; };
		3C72CA121904BE81001D68F6 /* AFNetworkReachabilityManager.m in Sources */ = {isa = PBXBuildFile; fileRef = 3C72CA041904BE81001D68F6 /* AFNetworkReachabilityManager.m */; };
		3C72CA131904BE81001D68F6 /* AFSecurityPolicy.m in Sources */ = {isa = PBXBuildFile; fileRef = 3C72CA061904BE81001D68F6 /* AFSecurityPolicy.m */; };
		3C72CA141904BE81001D68F6 /* AFURLConnectionOperation.m in Sources */ = {isa = PBXBuildFile; fileRef = 3C72CA081904BE81001D68F6 /* AFURLConnectionOperation.m */; };
		3C72CA151904BE81001D68F6 /* AFURLRequestSerialization.m in Sources */ = {isa = PBXBuildFile; fileRef = 3C72CA0A1904BE81001D68F6 /* AFURLRequestSerialization.m */; };
		3C72CA161904BE81001D68F6 /* AFURLResponseSerialization.m in Sources */ = {isa = PBXBuildFile; fileRef = 3C72CA0C1904BE81001D68F6 /* AFURLResponseSerialization.m */; };
		3C72CA171904BE81001D68F6 /* AFURLSessionManager.m in Sources */ = {isa = PBXBuildFile; fileRef = 3C72CA0E1904BE81001D68F6 /* AFURLSessionManager.m */; };
		3C72CA1B1904BFB7001D68F6 /* Security.framework in Frameworks */ = {isa = PBXBuildFile; fileRef = 3C72CA1A1904BFB7001D68F6 /* Security.framework */; };
		3C72CA1F1904C078001D68F6 /* MCDataTest.m in Sources */ = {isa = PBXBuildFile; fileRef = 3C72CA1E1904C078001D68F6 /* MCDataTest.m */; };
		3C8C103F1A0B8152006034CC /* File in Resources */ = {isa = PBXBuildFile; fileRef = 3C8C103E1A0B8152006034CC /* File */; };
		3CABE6691906AB5700BF46F2 /* MCSystem.m in Sources */ = {isa = PBXBuildFile; fileRef = 3CABE6681906AB5700BF46F2 /* MCSystem.m */; };
		3CBFB69C19000E67008B2C71 /* Foundation.framework in Frameworks */ = {isa = PBXBuildFile; fileRef = 3CBFB69B19000E67008B2C71 /* Foundation.framework */; };
		3CBFB69E19000E67008B2C71 /* CoreGraphics.framework in Frameworks */ = {isa = PBXBuildFile; fileRef = 3CBFB69D19000E67008B2C71 /* CoreGraphics.framework */; };
		3CBFB6A019000E67008B2C71 /* UIKit.framework in Frameworks */ = {isa = PBXBuildFile; fileRef = 3CBFB69F19000E67008B2C71 /* UIKit.framework */; };
		3CBFB6A619000E67008B2C71 /* InfoPlist.strings in Resources */ = {isa = PBXBuildFile; fileRef = 3CBFB6A419000E67008B2C71 /* InfoPlist.strings */; };
		3CBFB6A819000E67008B2C71 /* main.m in Sources */ = {isa = PBXBuildFile; fileRef = 3CBFB6A719000E67008B2C71 /* main.m */; };
		3CBFB6AC19000E67008B2C71 /* AppDelegate.m in Sources */ = {isa = PBXBuildFile; fileRef = 3CBFB6AB19000E67008B2C71 /* AppDelegate.m */; };
		3CBFB6AE19000E67008B2C71 /* Images.xcassets in Resources */ = {isa = PBXBuildFile; fileRef = 3CBFB6AD19000E67008B2C71 /* Images.xcassets */; };
		3CBFB6B519000E67008B2C71 /* XCTest.framework in Frameworks */ = {isa = PBXBuildFile; fileRef = 3CBFB6B419000E67008B2C71 /* XCTest.framework */; };
		3CBFB6B619000E67008B2C71 /* Foundation.framework in Frameworks */ = {isa = PBXBuildFile; fileRef = 3CBFB69B19000E67008B2C71 /* Foundation.framework */; };
		3CBFB6B719000E67008B2C71 /* UIKit.framework in Frameworks */ = {isa = PBXBuildFile; fileRef = 3CBFB69F19000E67008B2C71 /* UIKit.framework */; };
		3CBFB6BF19000E67008B2C71 /* InfoPlist.strings in Resources */ = {isa = PBXBuildFile; fileRef = 3CBFB6BD19000E67008B2C71 /* InfoPlist.strings */; };
		3CBFB6D31900184D008B2C71 /* NSData+MCData.m in Sources */ = {isa = PBXBuildFile; fileRef = 3CBFB6D21900184D008B2C71 /* NSData+MCData.m */; };
		3CD7A83619078C430062E217 /* MCSystemTests.m in Sources */ = {isa = PBXBuildFile; fileRef = 3CD7A83519078C430062E217 /* MCSystemTests.m */; };
		3CE88AB019051B5500AC00A1 /* NSNumber+MCNumber.m in Sources */ = {isa = PBXBuildFile; fileRef = 3CE88AAF19051B5500AC00A1 /* NSNumber+MCNumber.m */; };
		3CE88AB219051CC200AC00A1 /* MCNumberTests.m in Sources */ = {isa = PBXBuildFile; fileRef = 3CE88AB119051CC200AC00A1 /* MCNumberTests.m */; };
		3CE88AB51905205000AC00A1 /* NSDate+MCDate.m in Sources */ = {isa = PBXBuildFile; fileRef = 3CE88AB41905205000AC00A1 /* NSDate+MCDate.m */; };
		3CE88AB71905235500AC00A1 /* MCDateTests.m in Sources */ = {isa = PBXBuildFile; fileRef = 3CE88AB61905235500AC00A1 /* MCDateTests.m */; };
/* End PBXBuildFile section */

/* Begin PBXContainerItemProxy section */
		3CBFB6B819000E67008B2C71 /* PBXContainerItemProxy */ = {
			isa = PBXContainerItemProxy;
			containerPortal = 3CBFB69019000E67008B2C71 /* Project object */;
			proxyType = 1;
			remoteGlobalIDString = 3CBFB69719000E67008B2C71;
			remoteInfo = "Mica-Example";
		};
/* End PBXContainerItemProxy section */

/* Begin PBXFileReference section */
		3C485452190554C800779FE5 /* NSString+MCString.h */ = {isa = PBXFileReference; fileEncoding = 4; lastKnownFileType = sourcecode.c.h; name = "NSString+MCString.h"; path = "../Mica/MCUtilities/NSString+MCString.h"; sourceTree = "<group>"; };
		3C485453190554C800779FE5 /* NSString+MCString.m */ = {isa = PBXFileReference; fileEncoding = 4; lastKnownFileType = sourcecode.c.objc; name = "NSString+MCString.m"; path = "../Mica/MCUtilities/NSString+MCString.m"; sourceTree = "<group>"; };
		3C4CA47919066AAD008491DE /* MCStringTests.m */ = {isa = PBXFileReference; fileEncoding = 4; lastKnownFileType = sourcecode.c.objc; name = MCStringTests.m; path = MCUtilitiesTests/MCStringTests.m; sourceTree = "<group>"; };
		3C72C9FC1904BE81001D68F6 /* AFHTTPRequestOperation.h */ = {isa = PBXFileReference; fileEncoding = 4; lastKnownFileType = sourcecode.c.h; path = AFHTTPRequestOperation.h; sourceTree = "<group>"; };
		3C72C9FD1904BE81001D68F6 /* AFHTTPRequestOperation.m */ = {isa = PBXFileReference; fileEncoding = 4; lastKnownFileType = sourcecode.c.objc; path = AFHTTPRequestOperation.m; sourceTree = "<group>"; };
		3C72C9FE1904BE81001D68F6 /* AFHTTPRequestOperationManager.h */ = {isa = PBXFileReference; fileEncoding = 4; lastKnownFileType = sourcecode.c.h; path = AFHTTPRequestOperationManager.h; sourceTree = "<group>"; };
		3C72C9FF1904BE81001D68F6 /* AFHTTPRequestOperationManager.m */ = {isa = PBXFileReference; fileEncoding = 4; lastKnownFileType = sourcecode.c.objc; path = AFHTTPRequestOperationManager.m; sourceTree = "<group>"; };
		3C72CA001904BE81001D68F6 /* AFHTTPSessionManager.h */ = {isa = PBXFileReference; fileEncoding = 4; lastKnownFileType = sourcecode.c.h; path = AFHTTPSessionManager.h; sourceTree = "<group>"; };
		3C72CA011904BE81001D68F6 /* AFHTTPSessionManager.m */ = {isa = PBXFileReference; fileEncoding = 4; lastKnownFileType = sourcecode.c.objc; path = AFHTTPSessionManager.m; sourceTree = "<group>"; };
		3C72CA021904BE81001D68F6 /* AFNetworking.h */ = {isa = PBXFileReference; fileEncoding = 4; lastKnownFileType = sourcecode.c.h; path = AFNetworking.h; sourceTree = "<group>"; };
		3C72CA031904BE81001D68F6 /* AFNetworkReachabilityManager.h */ = {isa = PBXFileReference; fileEncoding = 4; lastKnownFileType = sourcecode.c.h; path = AFNetworkReachabilityManager.h; sourceTree = "<group>"; };
		3C72CA041904BE81001D68F6 /* AFNetworkReachabilityManager.m */ = {isa = PBXFileReference; fileEncoding = 4; lastKnownFileType = sourcecode.c.objc; path = AFNetworkReachabilityManager.m; sourceTree = "<group>"; };
		3C72CA051904BE81001D68F6 /* AFSecurityPolicy.h */ = {isa = PBXFileReference; fileEncoding = 4; lastKnownFileType = sourcecode.c.h; path = AFSecurityPolicy.h; sourceTree = "<group>"; };
		3C72CA061904BE81001D68F6 /* AFSecurityPolicy.m */ = {isa = PBXFileReference; fileEncoding = 4; lastKnownFileType = sourcecode.c.objc; path = AFSecurityPolicy.m; sourceTree = "<group>"; };
		3C72CA071904BE81001D68F6 /* AFURLConnectionOperation.h */ = {isa = PBXFileReference; fileEncoding = 4; lastKnownFileType = sourcecode.c.h; path = AFURLConnectionOperation.h; sourceTree = "<group>"; };
		3C72CA081904BE81001D68F6 /* AFURLConnectionOperation.m */ = {isa = PBXFileReference; fileEncoding = 4; lastKnownFileType = sourcecode.c.objc; path = AFURLConnectionOperation.m; sourceTree = "<group>"; };
		3C72CA091904BE81001D68F6 /* AFURLRequestSerialization.h */ = {isa = PBXFileReference; fileEncoding = 4; lastKnownFileType = sourcecode.c.h; path = AFURLRequestSerialization.h; sourceTree = "<group>"; };
		3C72CA0A1904BE81001D68F6 /* AFURLRequestSerialization.m */ = {isa = PBXFileReference; fileEncoding = 4; lastKnownFileType = sourcecode.c.objc; path = AFURLRequestSerialization.m; sourceTree = "<group>"; };
		3C72CA0B1904BE81001D68F6 /* AFURLResponseSerialization.h */ = {isa = PBXFileReference; fileEncoding = 4; lastKnownFileType = sourcecode.c.h; path = AFURLResponseSerialization.h; sourceTree = "<group>"; };
		3C72CA0C1904BE81001D68F6 /* AFURLResponseSerialization.m */ = {isa = PBXFileReference; fileEncoding = 4; lastKnownFileType = sourcecode.c.objc; path = AFURLResponseSerialization.m; sourceTree = "<group>"; };
		3C72CA0D1904BE81001D68F6 /* AFURLSessionManager.h */ = {isa = PBXFileReference; fileEncoding = 4; lastKnownFileType = sourcecode.c.h; path = AFURLSessionManager.h; sourceTree = "<group>"; };
		3C72CA0E1904BE81001D68F6 /* AFURLSessionManager.m */ = {isa = PBXFileReference; fileEncoding = 4; lastKnownFileType = sourcecode.c.objc; path = AFURLSessionManager.m; sourceTree = "<group>"; };
		3C72CA191904BF1E001D68F6 /* MCNetworking.h */ = {isa = PBXFileReference; fileEncoding = 4; lastKnownFileType = sourcecode.c.h; path = MCNetworking.h; sourceTree = "<group>"; };
		3C72CA1A1904BFB7001D68F6 /* Security.framework */ = {isa = PBXFileReference; lastKnownFileType = wrapper.framework; name = Security.framework; path = System/Library/Frameworks/Security.framework; sourceTree = SDKROOT; };
		3C72CA1C1904C01A001D68F6 /* MCUtilities.h */ = {isa = PBXFileReference; lastKnownFileType = sourcecode.c.h; name = MCUtilities.h; path = ../Mica/MCUtilities/MCUtilities.h; sourceTree = "<group>"; };
		3C72CA1E1904C078001D68F6 /* MCDataTest.m */ = {isa = PBXFileReference; fileEncoding = 4; lastKnownFileType = sourcecode.c.objc; name = MCDataTest.m; path = MCUtilitiesTests/MCDataTest.m; sourceTree = "<group>"; };
		3C8C103E1A0B8152006034CC /* File */ = {isa = PBXFileReference; fileEncoding = 4; lastKnownFileType = text; path = File; sourceTree = "<group>"; };
		3CABE6671906AB5700BF46F2 /* MCSystem.h */ = {isa = PBXFileReference; fileEncoding = 4; lastKnownFileType = sourcecode.c.h; name = MCSystem.h; path = ../Mica/MCUtilities/MCSystem.h; sourceTree = "<group>"; };
		3CABE6681906AB5700BF46F2 /* MCSystem.m */ = {isa = PBXFileReference; fileEncoding = 4; lastKnownFileType = sourcecode.c.objc; name = MCSystem.m; path = ../Mica/MCUtilities/MCSystem.m; sourceTree = "<group>"; };
		3CBFB69819000E67008B2C71 /* Mica-Example.app */ = {isa = PBXFileReference; explicitFileType = wrapper.application; includeInIndex = 0; path = "Mica-Example.app"; sourceTree = BUILT_PRODUCTS_DIR; };
		3CBFB69B19000E67008B2C71 /* Foundation.framework */ = {isa = PBXFileReference; lastKnownFileType = wrapper.framework; name = Foundation.framework; path = System/Library/Frameworks/Foundation.framework; sourceTree = SDKROOT; };
		3CBFB69D19000E67008B2C71 /* CoreGraphics.framework */ = {isa = PBXFileReference; lastKnownFileType = wrapper.framework; name = CoreGraphics.framework; path = System/Library/Frameworks/CoreGraphics.framework; sourceTree = SDKROOT; };
		3CBFB69F19000E67008B2C71 /* UIKit.framework */ = {isa = PBXFileReference; lastKnownFileType = wrapper.framework; name = UIKit.framework; path = System/Library/Frameworks/UIKit.framework; sourceTree = SDKROOT; };
		3CBFB6A319000E67008B2C71 /* Mica-Example-Info.plist */ = {isa = PBXFileReference; lastKnownFileType = text.plist.xml; path = "Mica-Example-Info.plist"; sourceTree = "<group>"; };
		3CBFB6A519000E67008B2C71 /* en */ = {isa = PBXFileReference; lastKnownFileType = text.plist.strings; name = en; path = en.lproj/InfoPlist.strings; sourceTree = "<group>"; };
		3CBFB6A719000E67008B2C71 /* main.m */ = {isa = PBXFileReference; lastKnownFileType = sourcecode.c.objc; path = main.m; sourceTree = "<group>"; };
		3CBFB6A919000E67008B2C71 /* Mica-Example-Prefix.pch */ = {isa = PBXFileReference; lastKnownFileType = sourcecode.c.h; path = "Mica-Example-Prefix.pch"; sourceTree = "<group>"; };
		3CBFB6AA19000E67008B2C71 /* AppDelegate.h */ = {isa = PBXFileReference; lastKnownFileType = sourcecode.c.h; path = AppDelegate.h; sourceTree = "<group>"; };
		3CBFB6AB19000E67008B2C71 /* AppDelegate.m */ = {isa = PBXFileReference; lastKnownFileType = sourcecode.c.objc; path = AppDelegate.m; sourceTree = "<group>"; };
		3CBFB6AD19000E67008B2C71 /* Images.xcassets */ = {isa = PBXFileReference; lastKnownFileType = folder.assetcatalog; path = Images.xcassets; sourceTree = "<group>"; };
		3CBFB6B319000E67008B2C71 /* Mica-ExampleTests.xctest */ = {isa = PBXFileReference; explicitFileType = wrapper.cfbundle; includeInIndex = 0; path = "Mica-ExampleTests.xctest"; sourceTree = BUILT_PRODUCTS_DIR; };
		3CBFB6B419000E67008B2C71 /* XCTest.framework */ = {isa = PBXFileReference; lastKnownFileType = wrapper.framework; name = XCTest.framework; path = Library/Frameworks/XCTest.framework; sourceTree = DEVELOPER_DIR; };
		3CBFB6BC19000E67008B2C71 /* Mica-ExampleTests-Info.plist */ = {isa = PBXFileReference; lastKnownFileType = text.plist.xml; path = "Mica-ExampleTests-Info.plist"; sourceTree = "<group>"; };
		3CBFB6BE19000E67008B2C71 /* en */ = {isa = PBXFileReference; lastKnownFileType = text.plist.strings; name = en; path = en.lproj/InfoPlist.strings; sourceTree = "<group>"; };
		3CBFB6CD19000F2C008B2C71 /* Mica.h */ = {isa = PBXFileReference; lastKnownFileType = sourcecode.c.h; name = Mica.h; path = ../Mica/Mica.h; sourceTree = "<group>"; };
		3CBFB6D11900184D008B2C71 /* NSData+MCData.h */ = {isa = PBXFileReference; fileEncoding = 4; lastKnownFileType = sourcecode.c.h; name = "NSData+MCData.h"; path = "../Mica/MCUtilities/NSData+MCData.h"; sourceTree = "<group>"; };
		3CBFB6D21900184D008B2C71 /* NSData+MCData.m */ = {isa = PBXFileReference; fileEncoding = 4; lastKnownFileType = sourcecode.c.objc; name = "NSData+MCData.m"; path = "../Mica/MCUtilities/NSData+MCData.m"; sourceTree = "<group>"; };
		3CD7A83519078C430062E217 /* MCSystemTests.m */ = {isa = PBXFileReference; fileEncoding = 4; lastKnownFileType = sourcecode.c.objc; name = MCSystemTests.m; path = MCUtilitiesTests/MCSystemTests.m; sourceTree = "<group>"; };
		3CE88AAE19051B5500AC00A1 /* NSNumber+MCNumber.h */ = {isa = PBXFileReference; fileEncoding = 4; lastKnownFileType = sourcecode.c.h; name = "NSNumber+MCNumber.h"; path = "../Mica/MCUtilities/NSNumber+MCNumber.h"; sourceTree = "<group>"; };
		3CE88AAF19051B5500AC00A1 /* NSNumber+MCNumber.m */ = {isa = PBXFileReference; fileEncoding = 4; lastKnownFileType = sourcecode.c.objc; name = "NSNumber+MCNumber.m"; path = "../Mica/MCUtilities/NSNumber+MCNumber.m"; sourceTree = "<group>"; };
		3CE88AB119051CC200AC00A1 /* MCNumberTests.m */ = {isa = PBXFileReference; fileEncoding = 4; lastKnownFileType = sourcecode.c.objc; name = MCNumberTests.m; path = MCUtilitiesTests/MCNumberTests.m; sourceTree = "<group>"; };
		3CE88AB31905205000AC00A1 /* NSDate+MCDate.h */ = {isa = PBXFileReference; fileEncoding = 4; lastKnownFileType = sourcecode.c.h; name = "NSDate+MCDate.h"; path = "../Mica/MCUtilities/NSDate+MCDate.h"; sourceTree = "<group>"; };
		3CE88AB41905205000AC00A1 /* NSDate+MCDate.m */ = {isa = PBXFileReference; fileEncoding = 4; lastKnownFileType = sourcecode.c.objc; name = "NSDate+MCDate.m"; path = "../Mica/MCUtilities/NSDate+MCDate.m"; sourceTree = "<group>"; };
		3CE88AB61905235500AC00A1 /* MCDateTests.m */ = {isa = PBXFileReference; fileEncoding = 4; lastKnownFileType = sourcecode.c.objc; name = MCDateTests.m; path = MCUtilitiesTests/MCDateTests.m; sourceTree = "<group>"; };
/* End PBXFileReference section */

/* Begin PBXFrameworksBuildPhase section */
		3CBFB69519000E67008B2C71 /* Frameworks */ = {
			isa = PBXFrameworksBuildPhase;
			buildActionMask = 2147483647;
			files = (
				3C72CA1B1904BFB7001D68F6 /* Security.framework in Frameworks */,
				3CBFB69E19000E67008B2C71 /* CoreGraphics.framework in Frameworks */,
				3CBFB6A019000E67008B2C71 /* UIKit.framework in Frameworks */,
				3CBFB69C19000E67008B2C71 /* Foundation.framework in Frameworks */,
			);
			runOnlyForDeploymentPostprocessing = 0;
		};
		3CBFB6B019000E67008B2C71 /* Frameworks */ = {
			isa = PBXFrameworksBuildPhase;
			buildActionMask = 2147483647;
			files = (
				3CBFB6B519000E67008B2C71 /* XCTest.framework in Frameworks */,
				3CBFB6B719000E67008B2C71 /* UIKit.framework in Frameworks */,
				3CBFB6B619000E67008B2C71 /* Foundation.framework in Frameworks */,
			);
			runOnlyForDeploymentPostprocessing = 0;
		};
/* End PBXFrameworksBuildPhase section */

/* Begin PBXGroup section */
		3C72C9FB1904BE81001D68F6 /* AFNetworking */ = {
			isa = PBXGroup;
			children = (
				3C72C9FC1904BE81001D68F6 /* AFHTTPRequestOperation.h */,
				3C72C9FD1904BE81001D68F6 /* AFHTTPRequestOperation.m */,
				3C72C9FE1904BE81001D68F6 /* AFHTTPRequestOperationManager.h */,
				3C72C9FF1904BE81001D68F6 /* AFHTTPRequestOperationManager.m */,
				3C72CA001904BE81001D68F6 /* AFHTTPSessionManager.h */,
				3C72CA011904BE81001D68F6 /* AFHTTPSessionManager.m */,
				3C72CA021904BE81001D68F6 /* AFNetworking.h */,
				3C72CA031904BE81001D68F6 /* AFNetworkReachabilityManager.h */,
				3C72CA041904BE81001D68F6 /* AFNetworkReachabilityManager.m */,
				3C72CA051904BE81001D68F6 /* AFSecurityPolicy.h */,
				3C72CA061904BE81001D68F6 /* AFSecurityPolicy.m */,
				3C72CA071904BE81001D68F6 /* AFURLConnectionOperation.h */,
				3C72CA081904BE81001D68F6 /* AFURLConnectionOperation.m */,
				3C72CA091904BE81001D68F6 /* AFURLRequestSerialization.h */,
				3C72CA0A1904BE81001D68F6 /* AFURLRequestSerialization.m */,
				3C72CA0B1904BE81001D68F6 /* AFURLResponseSerialization.h */,
				3C72CA0C1904BE81001D68F6 /* AFURLResponseSerialization.m */,
				3C72CA0D1904BE81001D68F6 /* AFURLSessionManager.h */,
				3C72CA0E1904BE81001D68F6 /* AFURLSessionManager.m */,
			);
			name = AFNetworking;
			path = ../AFNetworking;
			sourceTree = "<group>";
		};
		3C72CA181904BF02001D68F6 /* MCNetworking */ = {
			isa = PBXGroup;
			children = (
				3C72CA191904BF1E001D68F6 /* MCNetworking.h */,
			);
			name = MCNetworking;
			path = ../Mica/MCNetworking;
			sourceTree = "<group>";
		};
		3C72CA1D1904C04A001D68F6 /* MCUtilitiesTests */ = {
			isa = PBXGroup;
			children = (
				3C72CA1E1904C078001D68F6 /* MCDataTest.m */,
				3CE88AB119051CC200AC00A1 /* MCNumberTests.m */,
				3CE88AB61905235500AC00A1 /* MCDateTests.m */,
				3C4CA47919066AAD008491DE /* MCStringTests.m */,
				3CD7A83519078C430062E217 /* MCSystemTests.m */,
			);
			name = MCUtilitiesTests;
			sourceTree = "<group>";
		};
		3CBFB68F19000E67008B2C71 = {
			isa = PBXGroup;
			children = (
				3C72C9FB1904BE81001D68F6 /* AFNetworking */,
				3CBFB6CC19000F15008B2C71 /* Mica */,
				3CBFB69A19000E67008B2C71 /* Frameworks */,
				3CBFB6A119000E67008B2C71 /* Mica-Example */,
				3CBFB6BA19000E67008B2C71 /* Mica-ExampleTests */,
				3CBFB69919000E67008B2C71 /* Products */,
			);
			sourceTree = "<group>";
		};
		3CBFB69919000E67008B2C71 /* Products */ = {
			isa = PBXGroup;
			children = (
				3CBFB69819000E67008B2C71 /* Mica-Example.app */,
				3CBFB6B319000E67008B2C71 /* Mica-ExampleTests.xctest */,
			);
			name = Products;
			sourceTree = "<group>";
		};
		3CBFB69A19000E67008B2C71 /* Frameworks */ = {
			isa = PBXGroup;
			children = (
				3CBFB69D19000E67008B2C71 /* CoreGraphics.framework */,
				3CBFB69B19000E67008B2C71 /* Foundation.framework */,
				3C72CA1A1904BFB7001D68F6 /* Security.framework */,
				3CBFB69F19000E67008B2C71 /* UIKit.framework */,
				3CBFB6B419000E67008B2C71 /* XCTest.framework */,
			);
			name = Frameworks;
			sourceTree = "<group>";
		};
		3CBFB6A119000E67008B2C71 /* Mica-Example */ = {
			isa = PBXGroup;
			children = (
				3CBFB6AA19000E67008B2C71 /* AppDelegate.h */,
				3CBFB6AB19000E67008B2C71 /* AppDelegate.m */,
				3CBFB6AD19000E67008B2C71 /* Images.xcassets */,
				3CBFB6A219000E67008B2C71 /* Supporting Files */,
			);
			path = "Mica-Example";
			sourceTree = "<group>";
		};
		3CBFB6A219000E67008B2C71 /* Supporting Files */ = {
			isa = PBXGroup;
			children = (
				3CBFB6A319000E67008B2C71 /* Mica-Example-Info.plist */,
				3CBFB6A419000E67008B2C71 /* InfoPlist.strings */,
				3CBFB6A719000E67008B2C71 /* main.m */,
				3CBFB6A919000E67008B2C71 /* Mica-Example-Prefix.pch */,
			);
			name = "Supporting Files";
			sourceTree = "<group>";
		};
		3CBFB6BA19000E67008B2C71 /* Mica-ExampleTests */ = {
			isa = PBXGroup;
			children = (
				3C72CA1D1904C04A001D68F6 /* MCUtilitiesTests */,
				3CBFB6BB19000E67008B2C71 /* Supporting Files */,
			);
			path = "Mica-ExampleTests";
			sourceTree = "<group>";
		};
		3CBFB6BB19000E67008B2C71 /* Supporting Files */ = {
			isa = PBXGroup;
			children = (
				3CBFB6BC19000E67008B2C71 /* Mica-ExampleTests-Info.plist */,
				3CBFB6BD19000E67008B2C71 /* InfoPlist.strings */,
			);
			name = "Supporting Files";
			sourceTree = "<group>";
		};
		3CBFB6CC19000F15008B2C71 /* Mica */ = {
			isa = PBXGroup;
			children = (
				3C72CA181904BF02001D68F6 /* MCNetworking */,
				3CBFB6D019001807008B2C71 /* MCUtilities */,
				3CBFB6CD19000F2C008B2C71 /* Mica.h */,
			);
			name = Mica;
			sourceTree = "<group>";
		};
		3CBFB6D019001807008B2C71 /* MCUtilities */ = {
			isa = PBXGroup;
			children = (
				3CABE6671906AB5700BF46F2 /* MCSystem.h */,
				3CABE6681906AB5700BF46F2 /* MCSystem.m */,
				3C72CA1C1904C01A001D68F6 /* MCUtilities.h */,
				3CBFB6D11900184D008B2C71 /* NSData+MCData.h */,
				3CBFB6D21900184D008B2C71 /* NSData+MCData.m */,
				3CE88AB31905205000AC00A1 /* NSDate+MCDate.h */,
				3CE88AB41905205000AC00A1 /* NSDate+MCDate.m */,
				3CE88AAE19051B5500AC00A1 /* NSNumber+MCNumber.h */,
				3CE88AAF19051B5500AC00A1 /* NSNumber+MCNumber.m */,
				3C485452190554C800779FE5 /* NSString+MCString.h */,
				3C485453190554C800779FE5 /* NSString+MCString.m */,
				3C8C103E1A0B8152006034CC /* File */,
			);
			name = MCUtilities;
			sourceTree = "<group>";
		};
/* End PBXGroup section */

/* Begin PBXNativeTarget section */
		3CBFB69719000E67008B2C71 /* Mica-Example */ = {
			isa = PBXNativeTarget;
			buildConfigurationList = 3CBFB6C419000E67008B2C71 /* Build configuration list for PBXNativeTarget "Mica-Example" */;
			buildPhases = (
				3CBFB69419000E67008B2C71 /* Sources */,
				3CBFB69519000E67008B2C71 /* Frameworks */,
				3CBFB69619000E67008B2C71 /* Resources */,
			);
			buildRules = (
			);
			dependencies = (
			);
			name = "Mica-Example";
			productName = "Mica-Example";
			productReference = 3CBFB69819000E67008B2C71 /* Mica-Example.app */;
			productType = "com.apple.product-type.application";
		};
		3CBFB6B219000E67008B2C71 /* Mica-ExampleTests */ = {
			isa = PBXNativeTarget;
			buildConfigurationList = 3CBFB6C719000E67008B2C71 /* Build configuration list for PBXNativeTarget "Mica-ExampleTests" */;
			buildPhases = (
				3CBFB6AF19000E67008B2C71 /* Sources */,
				3CBFB6B019000E67008B2C71 /* Frameworks */,
				3CBFB6B119000E67008B2C71 /* Resources */,
			);
			buildRules = (
			);
			dependencies = (
				3CBFB6B919000E67008B2C71 /* PBXTargetDependency */,
			);
			name = "Mica-ExampleTests";
			productName = "Mica-ExampleTests";
			productReference = 3CBFB6B319000E67008B2C71 /* Mica-ExampleTests.xctest */;
			productType = "com.apple.product-type.bundle.unit-test";
		};
/* End PBXNativeTarget section */

/* Begin PBXProject section */
		3CBFB69019000E67008B2C71 /* Project object */ = {
			isa = PBXProject;
			attributes = {
				LastUpgradeCheck = 0510;
				ORGANIZATIONNAME = hiseh;
				TargetAttributes = {
					3CBFB6B219000E67008B2C71 = {
						TestTargetID = 3CBFB69719000E67008B2C71;
					};
				};
			};
			buildConfigurationList = 3CBFB69319000E67008B2C71 /* Build configuration list for PBXProject "Mica-Example" */;
			compatibilityVersion = "Xcode 3.2";
			developmentRegion = English;
			hasScannedForEncodings = 0;
			knownRegions = (
				en,
			);
			mainGroup = 3CBFB68F19000E67008B2C71;
			productRefGroup = 3CBFB69919000E67008B2C71 /* Products */;
			projectDirPath = "";
			projectRoot = "";
			targets = (
				3CBFB69719000E67008B2C71 /* Mica-Example */,
				3CBFB6B219000E67008B2C71 /* Mica-ExampleTests */,
			);
		};
/* End PBXProject section */

/* Begin PBXResourcesBuildPhase section */
		3CBFB69619000E67008B2C71 /* Resources */ = {
			isa = PBXResourcesBuildPhase;
			buildActionMask = 2147483647;
			files = (
				3CBFB6A619000E67008B2C71 /* InfoPlist.strings in Resources */,
				3CBFB6AE19000E67008B2C71 /* Images.xcassets in Resources */,
				3C8C103F1A0B8152006034CC /* File in Resources */,
			);
			runOnlyForDeploymentPostprocessing = 0;
		};
		3CBFB6B119000E67008B2C71 /* Resources */ = {
			isa = PBXResourcesBuildPhase;
			buildActionMask = 2147483647;
			files = (
				3CBFB6BF19000E67008B2C71 /* InfoPlist.strings in Resources */,
			);
			runOnlyForDeploymentPostprocessing = 0;
		};
/* End PBXResourcesBuildPhase section */

/* Begin PBXSourcesBuildPhase section */
		3CBFB69419000E67008B2C71 /* Sources */ = {
			isa = PBXSourcesBuildPhase;
			buildActionMask = 2147483647;
			files = (
				3C72CA0F1904BE81001D68F6 /* AFHTTPRequestOperation.m in Sources */,
				3CBFB6AC19000E67008B2C71 /* AppDelegate.m in Sources */,
				3C72CA101904BE81001D68F6 /* AFHTTPRequestOperationManager.m in Sources */,
				3C72CA121904BE81001D68F6 /* AFNetworkReachabilityManager.m in Sources */,
				3C72CA161904BE81001D68F6 /* AFURLResponseSerialization.m in Sources */,
				3C72CA141904BE81001D68F6 /* AFURLConnectionOperation.m in Sources */,
				3CE88AB51905205000AC00A1 /* NSDate+MCDate.m in Sources */,
				3C72CA131904BE81001D68F6 /* AFSecurityPolicy.m in Sources */,
				3C72CA111904BE81001D68F6 /* AFHTTPSessionManager.m in Sources */,
				3CE88AB019051B5500AC00A1 /* NSNumber+MCNumber.m in Sources */,
				3CABE6691906AB5700BF46F2 /* MCSystem.m in Sources */,
				3C72CA151904BE81001D68F6 /* AFURLRequestSerialization.m in Sources */,
				3C72CA171904BE81001D68F6 /* AFURLSessionManager.m in Sources */,
				3CBFB6A819000E67008B2C71 /* main.m in Sources */,
				3C485454190554C800779FE5 /* NSString+MCString.m in Sources */,
				3CBFB6D31900184D008B2C71 /* NSData+MCData.m in Sources */,
			);
			runOnlyForDeploymentPostprocessing = 0;
		};
		3CBFB6AF19000E67008B2C71 /* Sources */ = {
			isa = PBXSourcesBuildPhase;
			buildActionMask = 2147483647;
			files = (
				3C4CA47A19066AAD008491DE /* MCStringTests.m in Sources */,
				3CE88AB71905235500AC00A1 /* MCDateTests.m in Sources */,
				3CD7A83619078C430062E217 /* MCSystemTests.m in Sources */,
				3CE88AB219051CC200AC00A1 /* MCNumberTests.m in Sources */,
				3C72CA1F1904C078001D68F6 /* MCDataTest.m in Sources */,
			);
			runOnlyForDeploymentPostprocessing = 0;
		};
/* End PBXSourcesBuildPhase section */

/* Begin PBXTargetDependency section */
		3CBFB6B919000E67008B2C71 /* PBXTargetDependency */ = {
			isa = PBXTargetDependency;
			target = 3CBFB69719000E67008B2C71 /* Mica-Example */;
			targetProxy = 3CBFB6B819000E67008B2C71 /* PBXContainerItemProxy */;
		};
/* End PBXTargetDependency section */

/* Begin PBXVariantGroup section */
		3CBFB6A419000E67008B2C71 /* InfoPlist.strings */ = {
			isa = PBXVariantGroup;
			children = (
				3CBFB6A519000E67008B2C71 /* en */,
			);
			name = InfoPlist.strings;
			sourceTree = "<group>";
		};
		3CBFB6BD19000E67008B2C71 /* InfoPlist.strings */ = {
			isa = PBXVariantGroup;
			children = (
				3CBFB6BE19000E67008B2C71 /* en */,
			);
			name = InfoPlist.strings;
			sourceTree = "<group>";
		};
/* End PBXVariantGroup section */

/* Begin XCBuildConfiguration section */
		3CBFB6C219000E67008B2C71 /* Debug */ = {
			isa = XCBuildConfiguration;
			buildSettings = {
				ALWAYS_SEARCH_USER_PATHS = NO;
				CLANG_CXX_LANGUAGE_STANDARD = "gnu++0x";
				CLANG_CXX_LIBRARY = "libc++";
				CLANG_ENABLE_MODULES = YES;
				CLANG_ENABLE_OBJC_ARC = YES;
				CLANG_WARN_BOOL_CONVERSION = YES;
				CLANG_WARN_CONSTANT_CONVERSION = YES;
				CLANG_WARN_DIRECT_OBJC_ISA_USAGE = YES_ERROR;
				CLANG_WARN_EMPTY_BODY = YES;
				CLANG_WARN_ENUM_CONVERSION = YES;
				CLANG_WARN_INT_CONVERSION = YES;
				CLANG_WARN_OBJC_ROOT_CLASS = YES_ERROR;
				CLANG_WARN__DUPLICATE_METHOD_MATCH = YES;
				"CODE_SIGN_IDENTITY[sdk=iphoneos*]" = "iPhone Developer";
				COPY_PHASE_STRIP = NO;
				GCC_C_LANGUAGE_STANDARD = gnu99;
				GCC_DYNAMIC_NO_PIC = NO;
				GCC_OPTIMIZATION_LEVEL = 0;
				GCC_PREPROCESSOR_DEFINITIONS = (
					"DEBUG=1",
					"$(inherited)",
				);
				GCC_SYMBOLS_PRIVATE_EXTERN = NO;
				GCC_WARN_64_TO_32_BIT_CONVERSION = YES;
				GCC_WARN_ABOUT_RETURN_TYPE = YES_ERROR;
				GCC_WARN_UNDECLARED_SELECTOR = YES;
				GCC_WARN_UNINITIALIZED_AUTOS = YES_AGGRESSIVE;
				GCC_WARN_UNUSED_FUNCTION = YES;
				GCC_WARN_UNUSED_VARIABLE = YES;
				IPHONEOS_DEPLOYMENT_TARGET = 6.0;
				ONLY_ACTIVE_ARCH = YES;
				SDKROOT = iphoneos;
			};
			name = Debug;
		};
		3CBFB6C319000E67008B2C71 /* Release */ = {
			isa = XCBuildConfiguration;
			buildSettings = {
				ALWAYS_SEARCH_USER_PATHS = NO;
				CLANG_CXX_LANGUAGE_STANDARD = "gnu++0x";
				CLANG_CXX_LIBRARY = "libc++";
				CLANG_ENABLE_MODULES = YES;
				CLANG_ENABLE_OBJC_ARC = YES;
				CLANG_WARN_BOOL_CONVERSION = YES;
				CLANG_WARN_CONSTANT_CONVERSION = YES;
				CLANG_WARN_DIRECT_OBJC_ISA_USAGE = YES_ERROR;
				CLANG_WARN_EMPTY_BODY = YES;
				CLANG_WARN_ENUM_CONVERSION = YES;
				CLANG_WARN_INT_CONVERSION = YES;
				CLANG_WARN_OBJC_ROOT_CLASS = YES_ERROR;
				CLANG_WARN__DUPLICATE_METHOD_MATCH = YES;
				"CODE_SIGN_IDENTITY[sdk=iphoneos*]" = "iPhone Developer";
				COPY_PHASE_STRIP = YES;
				ENABLE_NS_ASSERTIONS = NO;
				GCC_C_LANGUAGE_STANDARD = gnu99;
				GCC_WARN_64_TO_32_BIT_CONVERSION = YES;
				GCC_WARN_ABOUT_RETURN_TYPE = YES_ERROR;
				GCC_WARN_UNDECLARED_SELECTOR = YES;
				GCC_WARN_UNINITIALIZED_AUTOS = YES_AGGRESSIVE;
				GCC_WARN_UNUSED_FUNCTION = YES;
				GCC_WARN_UNUSED_VARIABLE = YES;
				IPHONEOS_DEPLOYMENT_TARGET = 6.0;
				SDKROOT = iphoneos;
				VALIDATE_PRODUCT = YES;
			};
			name = Release;
		};
		3CBFB6C519000E67008B2C71 /* Debug */ = {
			isa = XCBuildConfiguration;
			buildSettings = {
				ASSETCATALOG_COMPILER_APPICON_NAME = AppIcon;
				ASSETCATALOG_COMPILER_LAUNCHIMAGE_NAME = LaunchImage;
				GCC_PRECOMPILE_PREFIX_HEADER = YES;
				GCC_PREFIX_HEADER = "Mica-Example/Mica-Example-Prefix.pch";
				INFOPLIST_FILE = "Mica-Example/Mica-Example-Info.plist";
				IPHONEOS_DEPLOYMENT_TARGET = 6.0;
				PRODUCT_NAME = "$(TARGET_NAME)";
				WRAPPER_EXTENSION = app;
			};
			name = Debug;
		};
		3CBFB6C619000E67008B2C71 /* Release */ = {
			isa = XCBuildConfiguration;
			buildSettings = {
				ASSETCATALOG_COMPILER_APPICON_NAME = AppIcon;
				ASSETCATALOG_COMPILER_LAUNCHIMAGE_NAME = LaunchImage;
				GCC_PRECOMPILE_PREFIX_HEADER = YES;
				GCC_PREFIX_HEADER = "Mica-Example/Mica-Example-Prefix.pch";
				INFOPLIST_FILE = "Mica-Example/Mica-Example-Info.plist";
				IPHONEOS_DEPLOYMENT_TARGET = 6.0;
				PRODUCT_NAME = "$(TARGET_NAME)";
				WRAPPER_EXTENSION = app;
			};
			name = Release;
		};
		3CBFB6C819000E67008B2C71 /* Debug */ = {
			isa = XCBuildConfiguration;
			buildSettings = {
				BUNDLE_LOADER = "$(BUILT_PRODUCTS_DIR)/Mica-Example.app/Mica-Example";
				FRAMEWORK_SEARCH_PATHS = (
					"$(SDKROOT)/Developer/Library/Frameworks",
					"$(inherited)",
					"$(DEVELOPER_FRAMEWORKS_DIR)",
				);
				GCC_PRECOMPILE_PREFIX_HEADER = YES;
				GCC_PREFIX_HEADER = "Mica-Example/Mica-Example-Prefix.pch";
				GCC_PREPROCESSOR_DEFINITIONS = (
					"DEBUG=1",
					"$(inherited)",
				);
				INFOPLIST_FILE = "Mica-ExampleTests/Mica-ExampleTests-Info.plist";
				PRODUCT_NAME = "$(TARGET_NAME)";
				TEST_HOST = "$(BUNDLE_LOADER)";
				WRAPPER_EXTENSION = xctest;
			};
			name = Debug;
		};
		3CBFB6C919000E67008B2C71 /* Release */ = {
			isa = XCBuildConfiguration;
			buildSettings = {
				BUNDLE_LOADER = "$(BUILT_PRODUCTS_DIR)/Mica-Example.app/Mica-Example";
				FRAMEWORK_SEARCH_PATHS = (
					"$(SDKROOT)/Developer/Library/Frameworks",
					"$(inherited)",
					"$(DEVELOPER_FRAMEWORKS_DIR)",
				);
				GCC_PRECOMPILE_PREFIX_HEADER = YES;
				GCC_PREFIX_HEADER = "Mica-Example/Mica-Example-Prefix.pch";
				INFOPLIST_FILE = "Mica-ExampleTests/Mica-ExampleTests-Info.plist";
				PRODUCT_NAME = "$(TARGET_NAME)";
				TEST_HOST = "$(BUNDLE_LOADER)";
				WRAPPER_EXTENSION = xctest;
			};
			name = Release;
		};
/* End XCBuildConfiguration section */

/* Begin XCConfigurationList section */
		3CBFB69319000E67008B2C71 /* Build configuration list for PBXProject "Mica-Example" */ = {
			isa = XCConfigurationList;
			buildConfigurations = (
				3CBFB6C219000E67008B2C71 /* Debug */,
				3CBFB6C319000E67008B2C71 /* Release */,
			);
			defaultConfigurationIsVisible = 0;
			defaultConfigurationName = Release;
		};
		3CBFB6C419000E67008B2C71 /* Build configuration list for PBXNativeTarget "Mica-Example" */ = {
			isa = XCConfigurationList;
			buildConfigurations = (
				3CBFB6C519000E67008B2C71 /* Debug */,
				3CBFB6C619000E67008B2C71 /* Release */,
			);
			defaultConfigurationIsVisible = 0;
			defaultConfigurationName = Release;
		};
		3CBFB6C719000E67008B2C71 /* Build configuration list for PBXNativeTarget "Mica-ExampleTests" */ = {
			isa = XCConfigurationList;
			buildConfigurations = (
				3CBFB6C819000E67008B2C71 /* Debug */,
				3CBFB6C919000E67008B2C71 /* Release */,
			);
			defaultConfigurationIsVisible = 0;
			defaultConfigurationName = Release;
		};
/* End XCConfigurationList section */
	};
	rootObject = 3CBFB69019000E67008B2C71 /* Project object */;
}
